
Microsoft Visual Studio Solution File, Format Version 12.00
# Visual Studio Version 17
VisualStudioVersion = 17.8.34525.116
MinimumVisualStudioVersion = 10.0.40219.1
Project("{FAE04EC0-301F-11D3-BF4B-00C04F79EFBC}") = "AppOggetti", "AppOggetti\AppOggetti.csproj", "{4EED85F3-07CD-491F-9FFD-461813020FF7}"
EndProject
Global
	GlobalSection(SolutionConfigurationPlatforms) = preSolution
		Debug|Any CPU = Debug|Any CPU
		Release|Any CPU = Release|Any CPU
	EndGlobalSection
	GlobalSection(ProjectConfigurationPlatforms) = postSolution
		{4EED85F3-07CD-491F-9FFD-461813020FF7}.Debug|Any CPU.ActiveCfg = Debug|Any CPU
		{4EED85F3-07CD-491F-9FFD-461813020FF7}.Debug|Any CPU.Build.0 = Debug|Any CPU
		{4EED85F3-07CD-491F-9FFD-461813020FF7}.Release|Any CPU.ActiveCfg = Release|Any CPU
		{4EED85F3-07CD-491F-9FFD-461813020FF7}.Release|Any CPU.Build.0 = Release|Any CPU
	EndGlobalSection
	GlobalSection(SolutionProperties) = preSolution
		HideSolutionNode = FALSE
	EndGlobalSection
	GlobalSection(ExtensibilityGlobals) = postSolution
		SolutionGuid = {AB41CDC6-58B6-4A03-B27B-17F05EB0C220}
	EndGlobalSection
EndGlobal
